
Microsoft Visual Studio Solution File, Format Version 12.00
# Visual Studio Version 17
VisualStudioVersion = 17.5.33424.131
MinimumVisualStudioVersion = 10.0.40219.1
Project("{9A19103F-16F7-4668-BE54-9A1E7A4F7556}") = "FOLHA_DE_PAGAMENTO_", "FOLHA_DE_PAGAMENTO_.csproj", "{D73E703C-DB4E-4EEF-97B5-A75904A3ABFE}"
EndProject
Global
	GlobalSection(SolutionConfigurationPlatforms) = preSolution
		Debug|Any CPU = Debug|Any CPU
		Release|Any CPU = Release|Any CPU
	EndGlobalSection
	GlobalSection(ProjectConfigurationPlatforms) = postSolution
		{D73E703C-DB4E-4EEF-97B5-A75904A3ABFE}.Debug|Any CPU.ActiveCfg = Debug|Any CPU
		{D73E703C-DB4E-4EEF-97B5-A75904A3ABFE}.Debug|Any CPU.Build.0 = Debug|Any CPU
		{D73E703C-DB4E-4EEF-97B5-A75904A3ABFE}.Release|Any CPU.ActiveCfg = Release|Any CPU
		{D73E703C-DB4E-4EEF-97B5-A75904A3ABFE}.Release|Any CPU.Build.0 = Release|Any CPU
	EndGlobalSection
	GlobalSection(SolutionProperties) = preSolution
		HideSolutionNode = FALSE
	EndGlobalSection
	GlobalSection(ExtensibilityGlobals) = postSolution
		SolutionGuid = {01DD1139-3FC8-4076-8C82-3069369B5F03}
	EndGlobalSection
EndGlobal
