
Microsoft Visual Studio Solution File, Format Version 12.00
# Visual Studio Version 17
VisualStudioVersion = 17.5.33424.131
MinimumVisualStudioVersion = 10.0.40219.1
Project("{FAE04EC0-301F-11D3-BF4B-00C04F79EFBC}") = "Folha de Pagamento", "Folha de Pagamento.csproj", "{F8D7AB3E-1B20-4805-A010-33FAD180A4CA}"
EndProject
Global
	GlobalSection(SolutionConfigurationPlatforms) = preSolution
		Debug|Any CPU = Debug|Any CPU
		Release|Any CPU = Release|Any CPU
	EndGlobalSection
	GlobalSection(ProjectConfigurationPlatforms) = postSolution
		{F8D7AB3E-1B20-4805-A010-33FAD180A4CA}.Debug|Any CPU.ActiveCfg = Debug|Any CPU
		{F8D7AB3E-1B20-4805-A010-33FAD180A4CA}.Debug|Any CPU.Build.0 = Debug|Any CPU
		{F8D7AB3E-1B20-4805-A010-33FAD180A4CA}.Release|Any CPU.ActiveCfg = Release|Any CPU
		{F8D7AB3E-1B20-4805-A010-33FAD180A4CA}.Release|Any CPU.Build.0 = Release|Any CPU
	EndGlobalSection
	GlobalSection(SolutionProperties) = preSolution
		HideSolutionNode = FALSE
	EndGlobalSection
	GlobalSection(ExtensibilityGlobals) = postSolution
		SolutionGuid = {86662469-58C0-4848-A71D-44AFEBC0CEAD}
	EndGlobalSection
EndGlobal
